# This file was autogenerated by Stack.
# You should not edit this file by hand.
# For more information, please see the documentation at:
#   https://docs.haskellstack.org/en/stable/lock_files

packages:
- completed:
    hackage: optparse-generic-1.1.0@sha256:53f8ee02fae776ecf387abe61e7d4e4313f40504e332208d4c60e6fdf0c5a5ce,1399
    pantry-tree:
      size: 224
      sha256: 379c81af2680cc02d3470b4ae16e8f936d542c6d8d606f60fe8505022c50ee67
  original:
    hackage: optparse-generic-1.1.0
snapshots:
- completed:
    size: 374380
    url: https://raw.githubusercontent.com/commercialhaskell/stackage-snapshots/master/lts/5/14.yaml
    sha256: f88439b6f99d858045c117b6d87aacdc280c597be135944b08d9cd70c0b6880f
  original: lts-5.14
